
Microsoft Visual Studio Solution File, Format Version 12.00
# Visual Studio 2013
VisualStudioVersion = 12.0.21005.1
MinimumVisualStudioVersion = 10.0.40219.1
Project("{FAE04EC0-301F-11D3-BF4B-00C04F79EFBC}") = "ExcellentOrNot", "ExcellentOrNot\ExcellentOrNot.csproj", "{E6CE8373-4121-41ED-96AB-29D6CBD89A48}"
EndProject
Project("{FAE04EC0-301F-11D3-BF4B-00C04F79EFBC}") = "ExcellentResult", "ExcellentResult\ExcellentResult.csproj", "{C7085D0D-7FCA-406D-A646-10FCF9463EAC}"
EndProject
Project("{FAE04EC0-301F-11D3-BF4B-00C04F79EFBC}") = "OddOrEven", "OddOrEven\OddOrEven.csproj", "{DDE362E1-0941-4945-8035-2B84BE90639F}"
EndProject
Project("{FAE04EC0-301F-11D3-BF4B-00C04F79EFBC}") = "GreaterNumber", "GreaterNumber\GreaterNumber.csproj", "{31F23B27-A933-4C2B-BD4B-02B4810B326E}"
EndProject
Project("{FAE04EC0-301F-11D3-BF4B-00C04F79EFBC}") = "Number09ToText", "Number0-9ToText\Number09ToText.csproj", "{4072411F-0B8D-49D5-A9C0-FF0088631714}"
EndProject
Project("{FAE04EC0-301F-11D3-BF4B-00C04F79EFBC}") = "BonusScore", "BonusScore\BonusScore.csproj", "{3635226D-5D94-4687-BE2E-FE43E334985C}"
EndProject
Project("{FAE04EC0-301F-11D3-BF4B-00C04F79EFBC}") = "SumSeconds", "SumSeconds\SumSeconds.csproj", "{DDB424A9-FC67-485C-8051-C415431ED70E}"
EndProject
Project("{FAE04EC0-301F-11D3-BF4B-00C04F79EFBC}") = "MetricConverter-UNFINISHED", "MetricConverter\MetricConverter-UNFINISHED.csproj", "{1ED0707D-64EC-488D-9F54-0B8ACAEA3CD2}"
EndProject
Project("{FAE04EC0-301F-11D3-BF4B-00C04F79EFBC}") = "PasswordGuess", "PasswordGuess\PasswordGuess.csproj", "{859D245D-13CC-42BE-A95E-8320644CF5F8}"
EndProject
Project("{FAE04EC0-301F-11D3-BF4B-00C04F79EFBC}") = "100-200", "100-200\100-200.csproj", "{5FFD6893-2649-47AA-AFFA-1D62BFDD9FC6}"
EndProject
Project("{FAE04EC0-301F-11D3-BF4B-00C04F79EFBC}") = "EqualWords", "EqualWords\EqualWords.csproj", "{EDC0A3C4-7845-4CF2-9658-96F069CCB4D0}"
EndProject
Project("{FAE04EC0-301F-11D3-BF4B-00C04F79EFBC}") = "SpeedInformation", "SpeedInformation\SpeedInformation.csproj", "{3DBBA4BA-92B9-44A8-A06F-C3A1543A8508}"
EndProject
Project("{FAE04EC0-301F-11D3-BF4B-00C04F79EFBC}") = "AreaOfFigures", "AreaOfFigures\AreaOfFigures.csproj", "{36842B38-30C4-43A9-8502-DAC1320E9FB0}"
EndProject
Project("{FAE04EC0-301F-11D3-BF4B-00C04F79EFBC}") = "TimePlus15Minutes", "TimePlus15Minutes\TimePlus15Minutes.csproj", "{2E202DD0-9B43-438F-BA82-E1C82228BB1B}"
EndProject
Project("{FAE04EC0-301F-11D3-BF4B-00C04F79EFBC}") = "3EqualNumbers", "3EqualNumbers\3EqualNumbers.csproj", "{DC5CF175-5251-462B-94F6-5ED1AC1AA6E0}"
EndProject
Project("{FAE04EC0-301F-11D3-BF4B-00C04F79EFBC}") = "Number0100toText", "Number0100toText\Number0100toText.csproj", "{A3693C0C-AA96-4BD4-9F34-00EBDBB5024A}"
EndProject
Project("{FAE04EC0-301F-11D3-BF4B-00C04F79EFBC}") = "PriceForTransport", "PriceForTransport\PriceForTransport.csproj", "{8E9E3F98-1565-443A-864A-089EEAFB2D19}"
EndProject
Project("{FAE04EC0-301F-11D3-BF4B-00C04F79EFBC}") = "PoolPipes", "PoolPipes\PoolPipes.csproj", "{002928C2-D858-4E22-B887-DC553C4583ED}"
EndProject
Project("{FAE04EC0-301F-11D3-BF4B-00C04F79EFBC}") = "SleepingTom", "SleepingTom\SleepingTom.csproj", "{247FBF27-824F-4307-8712-5DD178CF1292}"
EndProject
Global
	GlobalSection(SolutionConfigurationPlatforms) = preSolution
		Debug|Any CPU = Debug|Any CPU
		Release|Any CPU = Release|Any CPU
	EndGlobalSection
	GlobalSection(ProjectConfigurationPlatforms) = postSolution
		{E6CE8373-4121-41ED-96AB-29D6CBD89A48}.Debug|Any CPU.ActiveCfg = Debug|Any CPU
		{E6CE8373-4121-41ED-96AB-29D6CBD89A48}.Debug|Any CPU.Build.0 = Debug|Any CPU
		{E6CE8373-4121-41ED-96AB-29D6CBD89A48}.Release|Any CPU.ActiveCfg = Release|Any CPU
		{E6CE8373-4121-41ED-96AB-29D6CBD89A48}.Release|Any CPU.Build.0 = Release|Any CPU
		{C7085D0D-7FCA-406D-A646-10FCF9463EAC}.Debug|Any CPU.ActiveCfg = Debug|Any CPU
		{C7085D0D-7FCA-406D-A646-10FCF9463EAC}.Debug|Any CPU.Build.0 = Debug|Any CPU
		{C7085D0D-7FCA-406D-A646-10FCF9463EAC}.Release|Any CPU.ActiveCfg = Release|Any CPU
		{C7085D0D-7FCA-406D-A646-10FCF9463EAC}.Release|Any CPU.Build.0 = Release|Any CPU
		{DDE362E1-0941-4945-8035-2B84BE90639F}.Debug|Any CPU.ActiveCfg = Debug|Any CPU
		{DDE362E1-0941-4945-8035-2B84BE90639F}.Debug|Any CPU.Build.0 = Debug|Any CPU
		{DDE362E1-0941-4945-8035-2B84BE90639F}.Release|Any CPU.ActiveCfg = Release|Any CPU
		{DDE362E1-0941-4945-8035-2B84BE90639F}.Release|Any CPU.Build.0 = Release|Any CPU
		{31F23B27-A933-4C2B-BD4B-02B4810B326E}.Debug|Any CPU.ActiveCfg = Debug|Any CPU
		{31F23B27-A933-4C2B-BD4B-02B4810B326E}.Debug|Any CPU.Build.0 = Debug|Any CPU
		{31F23B27-A933-4C2B-BD4B-02B4810B326E}.Release|Any CPU.ActiveCfg = Release|Any CPU
		{31F23B27-A933-4C2B-BD4B-02B4810B326E}.Release|Any CPU.Build.0 = Release|Any CPU
		{4072411F-0B8D-49D5-A9C0-FF0088631714}.Debug|Any CPU.ActiveCfg = Debug|Any CPU
		{4072411F-0B8D-49D5-A9C0-FF0088631714}.Debug|Any CPU.Build.0 = Debug|Any CPU
		{4072411F-0B8D-49D5-A9C0-FF0088631714}.Release|Any CPU.ActiveCfg = Release|Any CPU
		{4072411F-0B8D-49D5-A9C0-FF0088631714}.Release|Any CPU.Build.0 = Release|Any CPU
		{3635226D-5D94-4687-BE2E-FE43E334985C}.Debug|Any CPU.ActiveCfg = Debug|Any CPU
		{3635226D-5D94-4687-BE2E-FE43E334985C}.Debug|Any CPU.Build.0 = Debug|Any CPU
		{3635226D-5D94-4687-BE2E-FE43E334985C}.Release|Any CPU.ActiveCfg = Release|Any CPU
		{3635226D-5D94-4687-BE2E-FE43E334985C}.Release|Any CPU.Build.0 = Release|Any CPU
		{DDB424A9-FC67-485C-8051-C415431ED70E}.Debug|Any CPU.ActiveCfg = Debug|Any CPU
		{DDB424A9-FC67-485C-8051-C415431ED70E}.Debug|Any CPU.Build.0 = Debug|Any CPU
		{DDB424A9-FC67-485C-8051-C415431ED70E}.Release|Any CPU.ActiveCfg = Release|Any CPU
		{DDB424A9-FC67-485C-8051-C415431ED70E}.Release|Any CPU.Build.0 = Release|Any CPU
		{1ED0707D-64EC-488D-9F54-0B8ACAEA3CD2}.Debug|Any CPU.ActiveCfg = Debug|Any CPU
		{1ED0707D-64EC-488D-9F54-0B8ACAEA3CD2}.Debug|Any CPU.Build.0 = Debug|Any CPU
		{1ED0707D-64EC-488D-9F54-0B8ACAEA3CD2}.Release|Any CPU.ActiveCfg = Release|Any CPU
		{1ED0707D-64EC-488D-9F54-0B8ACAEA3CD2}.Release|Any CPU.Build.0 = Release|Any CPU
		{859D245D-13CC-42BE-A95E-8320644CF5F8}.Debug|Any CPU.ActiveCfg = Debug|Any CPU
		{859D245D-13CC-42BE-A95E-8320644CF5F8}.Debug|Any CPU.Build.0 = Debug|Any CPU
		{859D245D-13CC-42BE-A95E-8320644CF5F8}.Release|Any CPU.ActiveCfg = Release|Any CPU
		{859D245D-13CC-42BE-A95E-8320644CF5F8}.Release|Any CPU.Build.0 = Release|Any CPU
		{5FFD6893-2649-47AA-AFFA-1D62BFDD9FC6}.Debug|Any CPU.ActiveCfg = Debug|Any CPU
		{5FFD6893-2649-47AA-AFFA-1D62BFDD9FC6}.Debug|Any CPU.Build.0 = Debug|Any CPU
		{5FFD6893-2649-47AA-AFFA-1D62BFDD9FC6}.Release|Any CPU.ActiveCfg = Release|Any CPU
		{5FFD6893-2649-47AA-AFFA-1D62BFDD9FC6}.Release|Any CPU.Build.0 = Release|Any CPU
		{EDC0A3C4-7845-4CF2-9658-96F069CCB4D0}.Debug|Any CPU.ActiveCfg = Debug|Any CPU
		{EDC0A3C4-7845-4CF2-9658-96F069CCB4D0}.Debug|Any CPU.Build.0 = Debug|Any CPU
		{EDC0A3C4-7845-4CF2-9658-96F069CCB4D0}.Release|Any CPU.ActiveCfg = Release|Any CPU
		{EDC0A3C4-7845-4CF2-9658-96F069CCB4D0}.Release|Any CPU.Build.0 = Release|Any CPU
		{3DBBA4BA-92B9-44A8-A06F-C3A1543A8508}.Debug|Any CPU.ActiveCfg = Debug|Any CPU
		{3DBBA4BA-92B9-44A8-A06F-C3A1543A8508}.Debug|Any CPU.Build.0 = Debug|Any CPU
		{3DBBA4BA-92B9-44A8-A06F-C3A1543A8508}.Release|Any CPU.ActiveCfg = Release|Any CPU
		{3DBBA4BA-92B9-44A8-A06F-C3A1543A8508}.Release|Any CPU.Build.0 = Release|Any CPU
		{36842B38-30C4-43A9-8502-DAC1320E9FB0}.Debug|Any CPU.ActiveCfg = Debug|Any CPU
		{36842B38-30C4-43A9-8502-DAC1320E9FB0}.Debug|Any CPU.Build.0 = Debug|Any CPU
		{36842B38-30C4-43A9-8502-DAC1320E9FB0}.Release|Any CPU.ActiveCfg = Release|Any CPU
		{36842B38-30C4-43A9-8502-DAC1320E9FB0}.Release|Any CPU.Build.0 = Release|Any CPU
		{2E202DD0-9B43-438F-BA82-E1C82228BB1B}.Debug|Any CPU.ActiveCfg = Debug|Any CPU
		{2E202DD0-9B43-438F-BA82-E1C82228BB1B}.Debug|Any CPU.Build.0 = Debug|Any CPU
		{2E202DD0-9B43-438F-BA82-E1C82228BB1B}.Release|Any CPU.ActiveCfg = Release|Any CPU
		{2E202DD0-9B43-438F-BA82-E1C82228BB1B}.Release|Any CPU.Build.0 = Release|Any CPU
		{DC5CF175-5251-462B-94F6-5ED1AC1AA6E0}.Debug|Any CPU.ActiveCfg = Debug|Any CPU
		{DC5CF175-5251-462B-94F6-5ED1AC1AA6E0}.Debug|Any CPU.Build.0 = Debug|Any CPU
		{DC5CF175-5251-462B-94F6-5ED1AC1AA6E0}.Release|Any CPU.ActiveCfg = Release|Any CPU
		{DC5CF175-5251-462B-94F6-5ED1AC1AA6E0}.Release|Any CPU.Build.0 = Release|Any CPU
		{A3693C0C-AA96-4BD4-9F34-00EBDBB5024A}.Debug|Any CPU.ActiveCfg = Debug|Any CPU
		{A3693C0C-AA96-4BD4-9F34-00EBDBB5024A}.Debug|Any CPU.Build.0 = Debug|Any CPU
		{A3693C0C-AA96-4BD4-9F34-00EBDBB5024A}.Release|Any CPU.ActiveCfg = Release|Any CPU
		{A3693C0C-AA96-4BD4-9F34-00EBDBB5024A}.Release|Any CPU.Build.0 = Release|Any CPU
		{8E9E3F98-1565-443A-864A-089EEAFB2D19}.Debug|Any CPU.ActiveCfg = Debug|Any CPU
		{8E9E3F98-1565-443A-864A-089EEAFB2D19}.Debug|Any CPU.Build.0 = Debug|Any CPU
		{8E9E3F98-1565-443A-864A-089EEAFB2D19}.Release|Any CPU.ActiveCfg = Release|Any CPU
		{8E9E3F98-1565-443A-864A-089EEAFB2D19}.Release|Any CPU.Build.0 = Release|Any CPU
		{002928C2-D858-4E22-B887-DC553C4583ED}.Debug|Any CPU.ActiveCfg = Debug|Any CPU
		{002928C2-D858-4E22-B887-DC553C4583ED}.Debug|Any CPU.Build.0 = Debug|Any CPU
		{002928C2-D858-4E22-B887-DC553C4583ED}.Release|Any CPU.ActiveCfg = Release|Any CPU
		{002928C2-D858-4E22-B887-DC553C4583ED}.Release|Any CPU.Build.0 = Release|Any CPU
		{247FBF27-824F-4307-8712-5DD178CF1292}.Debug|Any CPU.ActiveCfg = Debug|Any CPU
		{247FBF27-824F-4307-8712-5DD178CF1292}.Debug|Any CPU.Build.0 = Debug|Any CPU
		{247FBF27-824F-4307-8712-5DD178CF1292}.Release|Any CPU.ActiveCfg = Release|Any CPU
		{247FBF27-824F-4307-8712-5DD178CF1292}.Release|Any CPU.Build.0 = Release|Any CPU
	EndGlobalSection
	GlobalSection(SolutionProperties) = preSolution
		HideSolutionNode = FALSE
	EndGlobalSection
EndGlobal
