
Microsoft Visual Studio Solution File, Format Version 12.00
# Visual Studio 2013
VisualStudioVersion = 12.0.21005.1
MinimumVisualStudioVersion = 10.0.40219.1
Project("{FAE04EC0-301F-11D3-BF4B-00C04F79EFBC}") = "AgeAndGender", "Compe;\AgeAndGender.csproj", "{87BAE2FD-FA06-4843-ABF2-9D9D1CC81686}"
EndProject
Project("{FAE04EC0-301F-11D3-BF4B-00C04F79EFBC}") = "LocalStore", "LocalStore\LocalStore.csproj", "{1FDE537C-31AA-4418-857D-88CBB0876D07}"
EndProject
Project("{FAE04EC0-301F-11D3-BF4B-00C04F79EFBC}") = "RectanglePoint", "RectanglePoint\RectanglePoint.csproj", "{1EE08217-2DD2-4197-89AB-14C18D8B0872}"
EndProject
Project("{FAE04EC0-301F-11D3-BF4B-00C04F79EFBC}") = "FruitOrVegetable", "FruitOrVegetable\FruitOrVegetable.csproj", "{C5F03C3F-844E-4B87-9897-CDD79FF8B5CD}"
EndProject
Project("{FAE04EC0-301F-11D3-BF4B-00C04F79EFBC}") = "InvalidNumber", "InvalidNumber\InvalidNumber.csproj", "{1689BAA7-0507-458B-95B8-E99940A120F9}"
EndProject
Project("{FAE04EC0-301F-11D3-BF4B-00C04F79EFBC}") = "PointOnRectangleBorder", "PointOnRectangleBorder\PointOnRectangleBorder.csproj", "{0E4A23D7-AEA8-41F6-8704-29DF31D388C2}"
EndProject
Project("{FAE04EC0-301F-11D3-BF4B-00C04F79EFBC}") = "FruitShop", "FruitShop\FruitShop.csproj", "{A2D73AE6-AA2F-4735-B81E-A208585FECE5}"
EndProject
Project("{FAE04EC0-301F-11D3-BF4B-00C04F79EFBC}") = "TradeComissions", "TradeComissions\TradeComissions.csproj", "{EB8B39B2-2045-49E5-B3E0-7BBF82E26F49}"
EndProject
Project("{FAE04EC0-301F-11D3-BF4B-00C04F79EFBC}") = "DayOfTheWeek", "DayOfTheWeek\DayOfTheWeek.csproj", "{F7482DE4-37E4-4357-A05A-B4BC849ACC08}"
EndProject
Project("{FAE04EC0-301F-11D3-BF4B-00C04F79EFBC}") = "AnimalType", "AnimalType\AnimalType.csproj", "{47828F5D-4F93-4939-836B-9F85B8C07785}"
EndProject
Project("{FAE04EC0-301F-11D3-BF4B-00C04F79EFBC}") = "Cinema", "Cinema\Cinema.csproj", "{B81F2DB0-E913-4CD4-A7E2-57E10B8148A2}"
EndProject
Project("{FAE04EC0-301F-11D3-BF4B-00C04F79EFBC}") = "Volleyball", "Volleyball\Volleyball.csproj", "{B4D992EF-2088-4A7A-A876-A65B89939259}"
EndProject
Global
	GlobalSection(SolutionConfigurationPlatforms) = preSolution
		Debug|Any CPU = Debug|Any CPU
		Release|Any CPU = Release|Any CPU
	EndGlobalSection
	GlobalSection(ProjectConfigurationPlatforms) = postSolution
		{87BAE2FD-FA06-4843-ABF2-9D9D1CC81686}.Debug|Any CPU.ActiveCfg = Debug|Any CPU
		{87BAE2FD-FA06-4843-ABF2-9D9D1CC81686}.Debug|Any CPU.Build.0 = Debug|Any CPU
		{87BAE2FD-FA06-4843-ABF2-9D9D1CC81686}.Release|Any CPU.ActiveCfg = Release|Any CPU
		{87BAE2FD-FA06-4843-ABF2-9D9D1CC81686}.Release|Any CPU.Build.0 = Release|Any CPU
		{1FDE537C-31AA-4418-857D-88CBB0876D07}.Debug|Any CPU.ActiveCfg = Debug|Any CPU
		{1FDE537C-31AA-4418-857D-88CBB0876D07}.Debug|Any CPU.Build.0 = Debug|Any CPU
		{1FDE537C-31AA-4418-857D-88CBB0876D07}.Release|Any CPU.ActiveCfg = Release|Any CPU
		{1FDE537C-31AA-4418-857D-88CBB0876D07}.Release|Any CPU.Build.0 = Release|Any CPU
		{1EE08217-2DD2-4197-89AB-14C18D8B0872}.Debug|Any CPU.ActiveCfg = Debug|Any CPU
		{1EE08217-2DD2-4197-89AB-14C18D8B0872}.Debug|Any CPU.Build.0 = Debug|Any CPU
		{1EE08217-2DD2-4197-89AB-14C18D8B0872}.Release|Any CPU.ActiveCfg = Release|Any CPU
		{1EE08217-2DD2-4197-89AB-14C18D8B0872}.Release|Any CPU.Build.0 = Release|Any CPU
		{C5F03C3F-844E-4B87-9897-CDD79FF8B5CD}.Debug|Any CPU.ActiveCfg = Debug|Any CPU
		{C5F03C3F-844E-4B87-9897-CDD79FF8B5CD}.Debug|Any CPU.Build.0 = Debug|Any CPU
		{C5F03C3F-844E-4B87-9897-CDD79FF8B5CD}.Release|Any CPU.ActiveCfg = Release|Any CPU
		{C5F03C3F-844E-4B87-9897-CDD79FF8B5CD}.Release|Any CPU.Build.0 = Release|Any CPU
		{1689BAA7-0507-458B-95B8-E99940A120F9}.Debug|Any CPU.ActiveCfg = Debug|Any CPU
		{1689BAA7-0507-458B-95B8-E99940A120F9}.Debug|Any CPU.Build.0 = Debug|Any CPU
		{1689BAA7-0507-458B-95B8-E99940A120F9}.Release|Any CPU.ActiveCfg = Release|Any CPU
		{1689BAA7-0507-458B-95B8-E99940A120F9}.Release|Any CPU.Build.0 = Release|Any CPU
		{0E4A23D7-AEA8-41F6-8704-29DF31D388C2}.Debug|Any CPU.ActiveCfg = Debug|Any CPU
		{0E4A23D7-AEA8-41F6-8704-29DF31D388C2}.Debug|Any CPU.Build.0 = Debug|Any CPU
		{0E4A23D7-AEA8-41F6-8704-29DF31D388C2}.Release|Any CPU.ActiveCfg = Release|Any CPU
		{0E4A23D7-AEA8-41F6-8704-29DF31D388C2}.Release|Any CPU.Build.0 = Release|Any CPU
		{A2D73AE6-AA2F-4735-B81E-A208585FECE5}.Debug|Any CPU.ActiveCfg = Debug|Any CPU
		{A2D73AE6-AA2F-4735-B81E-A208585FECE5}.Debug|Any CPU.Build.0 = Debug|Any CPU
		{A2D73AE6-AA2F-4735-B81E-A208585FECE5}.Release|Any CPU.ActiveCfg = Release|Any CPU
		{A2D73AE6-AA2F-4735-B81E-A208585FECE5}.Release|Any CPU.Build.0 = Release|Any CPU
		{EB8B39B2-2045-49E5-B3E0-7BBF82E26F49}.Debug|Any CPU.ActiveCfg = Debug|Any CPU
		{EB8B39B2-2045-49E5-B3E0-7BBF82E26F49}.Debug|Any CPU.Build.0 = Debug|Any CPU
		{EB8B39B2-2045-49E5-B3E0-7BBF82E26F49}.Release|Any CPU.ActiveCfg = Release|Any CPU
		{EB8B39B2-2045-49E5-B3E0-7BBF82E26F49}.Release|Any CPU.Build.0 = Release|Any CPU
		{F7482DE4-37E4-4357-A05A-B4BC849ACC08}.Debug|Any CPU.ActiveCfg = Debug|Any CPU
		{F7482DE4-37E4-4357-A05A-B4BC849ACC08}.Debug|Any CPU.Build.0 = Debug|Any CPU
		{F7482DE4-37E4-4357-A05A-B4BC849ACC08}.Release|Any CPU.ActiveCfg = Release|Any CPU
		{F7482DE4-37E4-4357-A05A-B4BC849ACC08}.Release|Any CPU.Build.0 = Release|Any CPU
		{47828F5D-4F93-4939-836B-9F85B8C07785}.Debug|Any CPU.ActiveCfg = Debug|Any CPU
		{47828F5D-4F93-4939-836B-9F85B8C07785}.Debug|Any CPU.Build.0 = Debug|Any CPU
		{47828F5D-4F93-4939-836B-9F85B8C07785}.Release|Any CPU.ActiveCfg = Release|Any CPU
		{47828F5D-4F93-4939-836B-9F85B8C07785}.Release|Any CPU.Build.0 = Release|Any CPU
		{B81F2DB0-E913-4CD4-A7E2-57E10B8148A2}.Debug|Any CPU.ActiveCfg = Debug|Any CPU
		{B81F2DB0-E913-4CD4-A7E2-57E10B8148A2}.Debug|Any CPU.Build.0 = Debug|Any CPU
		{B81F2DB0-E913-4CD4-A7E2-57E10B8148A2}.Release|Any CPU.ActiveCfg = Release|Any CPU
		{B81F2DB0-E913-4CD4-A7E2-57E10B8148A2}.Release|Any CPU.Build.0 = Release|Any CPU
		{B4D992EF-2088-4A7A-A876-A65B89939259}.Debug|Any CPU.ActiveCfg = Debug|Any CPU
		{B4D992EF-2088-4A7A-A876-A65B89939259}.Debug|Any CPU.Build.0 = Debug|Any CPU
		{B4D992EF-2088-4A7A-A876-A65B89939259}.Release|Any CPU.ActiveCfg = Release|Any CPU
		{B4D992EF-2088-4A7A-A876-A65B89939259}.Release|Any CPU.Build.0 = Release|Any CPU
	EndGlobalSection
	GlobalSection(SolutionProperties) = preSolution
		HideSolutionNode = FALSE
	EndGlobalSection
EndGlobal
