
Microsoft Visual Studio Solution File, Format Version 12.00
# Visual Studio 2013
VisualStudioVersion = 12.0.21005.1
MinimumVisualStudioVersion = 10.0.40219.1
Project("{FAE04EC0-301F-11D3-BF4B-00C04F79EFBC}") = "TrainingLab", "TrainingLab\TrainingLab.csproj", "{1F9FC399-FADB-4621-A458-DF6920F85870}"
EndProject
Project("{FAE04EC0-301F-11D3-BF4B-00C04F79EFBC}") = "TransportPrice", "TransportPrice\TransportPrice.csproj", "{06064519-B594-4485-BE7C-25B0C607E3A4}"
EndProject
Project("{FAE04EC0-301F-11D3-BF4B-00C04F79EFBC}") = "OnTimeForTheExam", "OnTimeForTheExam\OnTimeForTheExam.csproj", "{9CD8F057-6629-45AC-8AA1-F0CA22D37C36}"
EndProject
Project("{FAE04EC0-301F-11D3-BF4B-00C04F79EFBC}") = "ChristmasHat", "ChristmasHat\ChristmasHat.csproj", "{57339E44-BBC5-469E-9CD5-B564FBFF80DA}"
EndProject
Project("{FAE04EC0-301F-11D3-BF4B-00C04F79EFBC}") = "HousePrice", "HousePrice\HousePrice.csproj", "{6A83E448-5A54-4ACA-A2AB-352A267B6AB7}"
EndProject
Project("{FAE04EC0-301F-11D3-BF4B-00C04F79EFBC}") = "FlowerShop", "FlowerShop\FlowerShop.csproj", "{22541420-3AC8-45C3-A354-93666660E80E}"
EndProject
Project("{FAE04EC0-301F-11D3-BF4B-00C04F79EFBC}") = "BikeRace", "BikeRace\BikeRace.csproj", "{F012B8EA-5B91-4B35-8B06-5D4408966E78}"
EndProject
Project("{FAE04EC0-301F-11D3-BF4B-00C04F79EFBC}") = "Histogram", "Histogram\Histogram.csproj", "{FF70E63F-3B21-466B-AB90-A5AC29AFAA8F}"
EndProject
Project("{FAE04EC0-301F-11D3-BF4B-00C04F79EFBC}") = "VegetableMarket", "VegetableMarket\VegetableMarket.csproj", "{9D4F1B49-62F3-4322-99D2-62E1557ABC26}"
EndProject
Project("{FAE04EC0-301F-11D3-BF4B-00C04F79EFBC}") = "PoolPipes", "PoolPipes\PoolPipes.csproj", "{2EFCA5FA-0A44-40AD-BEC8-262C82628026}"
EndProject
Project("{FAE04EC0-301F-11D3-BF4B-00C04F79EFBC}") = "Trip", "Trip\Trip.csproj", "{4A1669B8-BC86-4879-A86D-F02D79B14529}"
EndProject
Project("{FAE04EC0-301F-11D3-BF4B-00C04F79EFBC}") = "Division", "Division\Division.csproj", "{B604A397-288F-4058-894E-71B86D5935E8}"
EndProject
Project("{FAE04EC0-301F-11D3-BF4B-00C04F79EFBC}") = "Butterfly", "Butterfly\Butterfly.csproj", "{008544DC-B284-48A5-939E-7B2DDEDC1792}"
EndProject
Project("{FAE04EC0-301F-11D3-BF4B-00C04F79EFBC}") = "Rocket", "Rocket\Rocket.csproj", "{0B87273B-BB97-4858-AF7D-CA440D72F3D7}"
EndProject
Project("{FAE04EC0-301F-11D3-BF4B-00C04F79EFBC}") = "Logistics", "Logistics\Logistics.csproj", "{3C2ABDE3-02A3-4608-808F-73DAB2F7F55F}"
EndProject
Project("{FAE04EC0-301F-11D3-BF4B-00C04F79EFBC}") = "MaxCombination", "MaxCombination\MaxCombination.csproj", "{5902E01C-8833-4BDD-A944-274E1B984FF0}"
EndProject
Project("{FAE04EC0-301F-11D3-BF4B-00C04F79EFBC}") = "Fox", "Fox\Fox.csproj", "{A4B38DC8-5BF2-4ACE-A56F-F230E4EC5211}"
EndProject
Project("{FAE04EC0-301F-11D3-BF4B-00C04F79EFBC}") = "Battles", "Battles\Battles.csproj", "{CB1E844E-D0BC-4229-9416-3999BF24BAED}"
EndProject
Project("{FAE04EC0-301F-11D3-BF4B-00C04F79EFBC}") = "Numbers", "Numbers\Numbers.csproj", "{C8D58545-0D3A-4B0C-8C2E-8858CD9619C3}"
EndProject
Project("{FAE04EC0-301F-11D3-BF4B-00C04F79EFBC}") = "Axe", "Axe\Axe.csproj", "{F67E90E4-0DC0-44D6-BF47-7B171B4AD8D0}"
EndProject
Project("{FAE04EC0-301F-11D3-BF4B-00C04F79EFBC}") = "HotelRoom", "HotelRoom\HotelRoom.csproj", "{F5D20804-4B49-4B30-9FF6-A87E6F8E80A1}"
EndProject
Project("{FAE04EC0-301F-11D3-BF4B-00C04F79EFBC}") = "Firm", "Firm\Firm.csproj", "{352EAD14-540E-4666-940D-3A917AA6CF73}"
EndProject
Global
	GlobalSection(SolutionConfigurationPlatforms) = preSolution
		Debug|Any CPU = Debug|Any CPU
		Release|Any CPU = Release|Any CPU
	EndGlobalSection
	GlobalSection(ProjectConfigurationPlatforms) = postSolution
		{1F9FC399-FADB-4621-A458-DF6920F85870}.Debug|Any CPU.ActiveCfg = Debug|Any CPU
		{1F9FC399-FADB-4621-A458-DF6920F85870}.Debug|Any CPU.Build.0 = Debug|Any CPU
		{1F9FC399-FADB-4621-A458-DF6920F85870}.Release|Any CPU.ActiveCfg = Release|Any CPU
		{1F9FC399-FADB-4621-A458-DF6920F85870}.Release|Any CPU.Build.0 = Release|Any CPU
		{06064519-B594-4485-BE7C-25B0C607E3A4}.Debug|Any CPU.ActiveCfg = Debug|Any CPU
		{06064519-B594-4485-BE7C-25B0C607E3A4}.Debug|Any CPU.Build.0 = Debug|Any CPU
		{06064519-B594-4485-BE7C-25B0C607E3A4}.Release|Any CPU.ActiveCfg = Release|Any CPU
		{06064519-B594-4485-BE7C-25B0C607E3A4}.Release|Any CPU.Build.0 = Release|Any CPU
		{9CD8F057-6629-45AC-8AA1-F0CA22D37C36}.Debug|Any CPU.ActiveCfg = Debug|Any CPU
		{9CD8F057-6629-45AC-8AA1-F0CA22D37C36}.Debug|Any CPU.Build.0 = Debug|Any CPU
		{9CD8F057-6629-45AC-8AA1-F0CA22D37C36}.Release|Any CPU.ActiveCfg = Release|Any CPU
		{9CD8F057-6629-45AC-8AA1-F0CA22D37C36}.Release|Any CPU.Build.0 = Release|Any CPU
		{57339E44-BBC5-469E-9CD5-B564FBFF80DA}.Debug|Any CPU.ActiveCfg = Debug|Any CPU
		{57339E44-BBC5-469E-9CD5-B564FBFF80DA}.Debug|Any CPU.Build.0 = Debug|Any CPU
		{57339E44-BBC5-469E-9CD5-B564FBFF80DA}.Release|Any CPU.ActiveCfg = Release|Any CPU
		{57339E44-BBC5-469E-9CD5-B564FBFF80DA}.Release|Any CPU.Build.0 = Release|Any CPU
		{6A83E448-5A54-4ACA-A2AB-352A267B6AB7}.Debug|Any CPU.ActiveCfg = Debug|Any CPU
		{6A83E448-5A54-4ACA-A2AB-352A267B6AB7}.Debug|Any CPU.Build.0 = Debug|Any CPU
		{6A83E448-5A54-4ACA-A2AB-352A267B6AB7}.Release|Any CPU.ActiveCfg = Release|Any CPU
		{6A83E448-5A54-4ACA-A2AB-352A267B6AB7}.Release|Any CPU.Build.0 = Release|Any CPU
		{22541420-3AC8-45C3-A354-93666660E80E}.Debug|Any CPU.ActiveCfg = Debug|Any CPU
		{22541420-3AC8-45C3-A354-93666660E80E}.Debug|Any CPU.Build.0 = Debug|Any CPU
		{22541420-3AC8-45C3-A354-93666660E80E}.Release|Any CPU.ActiveCfg = Release|Any CPU
		{22541420-3AC8-45C3-A354-93666660E80E}.Release|Any CPU.Build.0 = Release|Any CPU
		{F012B8EA-5B91-4B35-8B06-5D4408966E78}.Debug|Any CPU.ActiveCfg = Debug|Any CPU
		{F012B8EA-5B91-4B35-8B06-5D4408966E78}.Debug|Any CPU.Build.0 = Debug|Any CPU
		{F012B8EA-5B91-4B35-8B06-5D4408966E78}.Release|Any CPU.ActiveCfg = Release|Any CPU
		{F012B8EA-5B91-4B35-8B06-5D4408966E78}.Release|Any CPU.Build.0 = Release|Any CPU
		{FF70E63F-3B21-466B-AB90-A5AC29AFAA8F}.Debug|Any CPU.ActiveCfg = Debug|Any CPU
		{FF70E63F-3B21-466B-AB90-A5AC29AFAA8F}.Debug|Any CPU.Build.0 = Debug|Any CPU
		{FF70E63F-3B21-466B-AB90-A5AC29AFAA8F}.Release|Any CPU.ActiveCfg = Release|Any CPU
		{FF70E63F-3B21-466B-AB90-A5AC29AFAA8F}.Release|Any CPU.Build.0 = Release|Any CPU
		{9D4F1B49-62F3-4322-99D2-62E1557ABC26}.Debug|Any CPU.ActiveCfg = Debug|Any CPU
		{9D4F1B49-62F3-4322-99D2-62E1557ABC26}.Debug|Any CPU.Build.0 = Debug|Any CPU
		{9D4F1B49-62F3-4322-99D2-62E1557ABC26}.Release|Any CPU.ActiveCfg = Release|Any CPU
		{9D4F1B49-62F3-4322-99D2-62E1557ABC26}.Release|Any CPU.Build.0 = Release|Any CPU
		{2EFCA5FA-0A44-40AD-BEC8-262C82628026}.Debug|Any CPU.ActiveCfg = Debug|Any CPU
		{2EFCA5FA-0A44-40AD-BEC8-262C82628026}.Debug|Any CPU.Build.0 = Debug|Any CPU
		{2EFCA5FA-0A44-40AD-BEC8-262C82628026}.Release|Any CPU.ActiveCfg = Release|Any CPU
		{2EFCA5FA-0A44-40AD-BEC8-262C82628026}.Release|Any CPU.Build.0 = Release|Any CPU
		{4A1669B8-BC86-4879-A86D-F02D79B14529}.Debug|Any CPU.ActiveCfg = Debug|Any CPU
		{4A1669B8-BC86-4879-A86D-F02D79B14529}.Debug|Any CPU.Build.0 = Debug|Any CPU
		{4A1669B8-BC86-4879-A86D-F02D79B14529}.Release|Any CPU.ActiveCfg = Release|Any CPU
		{4A1669B8-BC86-4879-A86D-F02D79B14529}.Release|Any CPU.Build.0 = Release|Any CPU
		{B604A397-288F-4058-894E-71B86D5935E8}.Debug|Any CPU.ActiveCfg = Debug|Any CPU
		{B604A397-288F-4058-894E-71B86D5935E8}.Debug|Any CPU.Build.0 = Debug|Any CPU
		{B604A397-288F-4058-894E-71B86D5935E8}.Release|Any CPU.ActiveCfg = Release|Any CPU
		{B604A397-288F-4058-894E-71B86D5935E8}.Release|Any CPU.Build.0 = Release|Any CPU
		{008544DC-B284-48A5-939E-7B2DDEDC1792}.Debug|Any CPU.ActiveCfg = Debug|Any CPU
		{008544DC-B284-48A5-939E-7B2DDEDC1792}.Debug|Any CPU.Build.0 = Debug|Any CPU
		{008544DC-B284-48A5-939E-7B2DDEDC1792}.Release|Any CPU.ActiveCfg = Release|Any CPU
		{008544DC-B284-48A5-939E-7B2DDEDC1792}.Release|Any CPU.Build.0 = Release|Any CPU
		{0B87273B-BB97-4858-AF7D-CA440D72F3D7}.Debug|Any CPU.ActiveCfg = Debug|Any CPU
		{0B87273B-BB97-4858-AF7D-CA440D72F3D7}.Debug|Any CPU.Build.0 = Debug|Any CPU
		{0B87273B-BB97-4858-AF7D-CA440D72F3D7}.Release|Any CPU.ActiveCfg = Release|Any CPU
		{0B87273B-BB97-4858-AF7D-CA440D72F3D7}.Release|Any CPU.Build.0 = Release|Any CPU
		{3C2ABDE3-02A3-4608-808F-73DAB2F7F55F}.Debug|Any CPU.ActiveCfg = Debug|Any CPU
		{3C2ABDE3-02A3-4608-808F-73DAB2F7F55F}.Debug|Any CPU.Build.0 = Debug|Any CPU
		{3C2ABDE3-02A3-4608-808F-73DAB2F7F55F}.Release|Any CPU.ActiveCfg = Release|Any CPU
		{3C2ABDE3-02A3-4608-808F-73DAB2F7F55F}.Release|Any CPU.Build.0 = Release|Any CPU
		{5902E01C-8833-4BDD-A944-274E1B984FF0}.Debug|Any CPU.ActiveCfg = Debug|Any CPU
		{5902E01C-8833-4BDD-A944-274E1B984FF0}.Debug|Any CPU.Build.0 = Debug|Any CPU
		{5902E01C-8833-4BDD-A944-274E1B984FF0}.Release|Any CPU.ActiveCfg = Release|Any CPU
		{5902E01C-8833-4BDD-A944-274E1B984FF0}.Release|Any CPU.Build.0 = Release|Any CPU
		{A4B38DC8-5BF2-4ACE-A56F-F230E4EC5211}.Debug|Any CPU.ActiveCfg = Debug|Any CPU
		{A4B38DC8-5BF2-4ACE-A56F-F230E4EC5211}.Debug|Any CPU.Build.0 = Debug|Any CPU
		{A4B38DC8-5BF2-4ACE-A56F-F230E4EC5211}.Release|Any CPU.ActiveCfg = Release|Any CPU
		{A4B38DC8-5BF2-4ACE-A56F-F230E4EC5211}.Release|Any CPU.Build.0 = Release|Any CPU
		{CB1E844E-D0BC-4229-9416-3999BF24BAED}.Debug|Any CPU.ActiveCfg = Debug|Any CPU
		{CB1E844E-D0BC-4229-9416-3999BF24BAED}.Debug|Any CPU.Build.0 = Debug|Any CPU
		{CB1E844E-D0BC-4229-9416-3999BF24BAED}.Release|Any CPU.ActiveCfg = Release|Any CPU
		{CB1E844E-D0BC-4229-9416-3999BF24BAED}.Release|Any CPU.Build.0 = Release|Any CPU
		{C8D58545-0D3A-4B0C-8C2E-8858CD9619C3}.Debug|Any CPU.ActiveCfg = Debug|Any CPU
		{C8D58545-0D3A-4B0C-8C2E-8858CD9619C3}.Debug|Any CPU.Build.0 = Debug|Any CPU
		{C8D58545-0D3A-4B0C-8C2E-8858CD9619C3}.Release|Any CPU.ActiveCfg = Release|Any CPU
		{C8D58545-0D3A-4B0C-8C2E-8858CD9619C3}.Release|Any CPU.Build.0 = Release|Any CPU
		{F67E90E4-0DC0-44D6-BF47-7B171B4AD8D0}.Debug|Any CPU.ActiveCfg = Debug|Any CPU
		{F67E90E4-0DC0-44D6-BF47-7B171B4AD8D0}.Debug|Any CPU.Build.0 = Debug|Any CPU
		{F67E90E4-0DC0-44D6-BF47-7B171B4AD8D0}.Release|Any CPU.ActiveCfg = Release|Any CPU
		{F67E90E4-0DC0-44D6-BF47-7B171B4AD8D0}.Release|Any CPU.Build.0 = Release|Any CPU
		{F5D20804-4B49-4B30-9FF6-A87E6F8E80A1}.Debug|Any CPU.ActiveCfg = Debug|Any CPU
		{F5D20804-4B49-4B30-9FF6-A87E6F8E80A1}.Debug|Any CPU.Build.0 = Debug|Any CPU
		{F5D20804-4B49-4B30-9FF6-A87E6F8E80A1}.Release|Any CPU.ActiveCfg = Release|Any CPU
		{F5D20804-4B49-4B30-9FF6-A87E6F8E80A1}.Release|Any CPU.Build.0 = Release|Any CPU
		{352EAD14-540E-4666-940D-3A917AA6CF73}.Debug|Any CPU.ActiveCfg = Debug|Any CPU
		{352EAD14-540E-4666-940D-3A917AA6CF73}.Debug|Any CPU.Build.0 = Debug|Any CPU
		{352EAD14-540E-4666-940D-3A917AA6CF73}.Release|Any CPU.ActiveCfg = Release|Any CPU
		{352EAD14-540E-4666-940D-3A917AA6CF73}.Release|Any CPU.Build.0 = Release|Any CPU
	EndGlobalSection
	GlobalSection(SolutionProperties) = preSolution
		HideSolutionNode = FALSE
	EndGlobalSection
EndGlobal
